[[package]]
category = "dev"
description = "Pyspark test helper library"
name = "chispa"
optional = false
python-versions = ">2.7"
version = "0.6.0"

[package.dependencies]
pyspark = ">2.0.0"

[[package]]
category = "dev"
description = "Cross-platform colored terminal text."
marker = "sys_platform == \"win32\""
name = "colorama"
optional = false
python-versions = "*"
version = "0.3.9"

[[package]]
category = "main"
description = "Decorators for Humans"
name = "decorator"
optional = false
python-versions = ">=2.6, !=3.0.*, !=3.1.*"
version = "4.4.2"

[[package]]
category = "main"
description = "Python package for creating and manipulating graphs and networks"
name = "networkx"
optional = false
python-versions = ">=3.5"
version = "2.4"

[package.dependencies]
decorator = ">=4.3.0"

[package.extras]
all = ["numpy", "scipy", "pandas", "matplotlib", "pygraphviz", "pydot", "pyyaml", "gdal", "lxml", "pytest"]
gdal = ["gdal"]
lxml = ["lxml"]
matplotlib = ["matplotlib"]
numpy = ["numpy"]
pandas = ["pandas"]
pydot = ["pydot"]
pygraphviz = ["pygraphviz"]
pytest = ["pytest"]
pyyaml = ["pyyaml"]
scipy = ["scipy"]

[[package]]
category = "dev"
description = "library with cross-python path, ini-parsing, io, code, log facilities"
name = "py"
optional = false
python-versions = "*"
version = "1.4.34"

[[package]]
category = "main"
description = "Enables Python programs to dynamically access arbitrary Java objects"
name = "py4j"
optional = false
python-versions = "*"
version = "0.10.9"

[[package]]
category = "main"
description = "Apache Spark Python API"
name = "pyspark"
optional = false
python-versions = "*"
version = "3.0.0"

[package.dependencies]
py4j = "0.10.9"

[package.extras]
ml = ["numpy (>=1.7)"]
mllib = ["numpy (>=1.7)"]
sql = ["pandas (>=0.23.2)", "pyarrow (>=0.15.1)"]

[[package]]
category = "dev"
description = "pytest: simple powerful testing with Python"
name = "pytest"
optional = false
python-versions = "*"
version = "3.2.5"

[package.dependencies]
colorama = "*"
py = ">=1.4.33"
setuptools = "*"

[[package]]
category = "dev"
description = "Describe-style plugin for pytest"
name = "pytest-describe"
optional = false
python-versions = "*"
version = "1.0.0"

[package.dependencies]
pytest = ">=2.6.0"

[metadata]
content-hash = "812a22a16a81a6e7ef15f147625a5ef11a9ca7bbc6dab304b9cb04854bc004fb"
python-versions = ">=3.5"

[metadata.files]
chispa = [
    {file = "chispa-0.6.0-py2.py3-none-any.whl", hash = "sha256:d045487fe42ce6aa3f7264090ccbb6d17672635e4985ff270f9f89c623dcd4d0"},
    {file = "chispa-0.6.0.tar.gz", hash = "sha256:de828eb81cde4efd4fb7d2d6e9c855a5c5c9eed6001307fd7dc6a3b8cb82525f"},
]
colorama = [
    {file = "colorama-0.3.9-py2.py3-none-any.whl", hash = "sha256:463f8483208e921368c9f306094eb6f725c6ca42b0f97e313cb5d5512459feda"},
    {file = "colorama-0.3.9.tar.gz", hash = "sha256:48eb22f4f8461b1df5734a074b57042430fb06e1d61bd1e11b078c0fe6d7a1f1"},
]
decorator = [
    {file = "decorator-4.4.2-py2.py3-none-any.whl", hash = "sha256:41fa54c2a0cc4ba648be4fd43cff00aedf5b9465c9bf18d64325bc225f08f760"},
    {file = "decorator-4.4.2.tar.gz", hash = "sha256:e3a62f0520172440ca0dcc823749319382e377f37f140a0b99ef45fecb84bfe7"},
]
networkx = [
    {file = "networkx-2.4-py3-none-any.whl", hash = "sha256:cdfbf698749a5014bf2ed9db4a07a5295df1d3a53bf80bf3cbd61edf9df05fa1"},
    {file = "networkx-2.4.tar.gz", hash = "sha256:f8f4ff0b6f96e4f9b16af6b84622597b5334bf9cae8cf9b2e42e7985d5c95c64"},
]
py = [
    {file = "py-1.4.34-py2.py3-none-any.whl", hash = "sha256:2ccb79b01769d99115aa600d7eed99f524bf752bba8f041dc1c184853514655a"},
    {file = "py-1.4.34.tar.gz", hash = "sha256:0f2d585d22050e90c7d293b6451c83db097df77871974d90efd5a30dc12fcde3"},
]
py4j = [
    {file = "py4j-0.10.9-py2.py3-none-any.whl", hash = "sha256:859ba728a7bb43e9c2bf058832759fb97a598bb28cc12f34f5fc4abdec08ede6"},
    {file = "py4j-0.10.9.tar.gz", hash = "sha256:36ec57f43ff8ced260a18aa9a4e46c3500a730cac8860e259cbaa546c2b9db2f"},
]
pyspark = [
    {file = "pyspark-3.0.0.tar.gz", hash = "sha256:8c6e5cc51d91eb8d43e81d0b7093292b5e144ac81445491d5f887d2cf4fe121f"},
]
pytest = [
    {file = "pytest-3.2.5-py2.py3-none-any.whl", hash = "sha256:241d7e7798d79192a123ceaf64c602b4d233eacf6d6e42ae27caa97f498b7dc6"},
    {file = "pytest-3.2.5.tar.gz", hash = "sha256:6d5bd4f7113b444c55a3bbb5c738a3dd80d43563d063fc42dcb0aaefbdd78b81"},
]
pytest-describe = [
    {file = "pytest-describe-1.0.0.tar.gz", hash = "sha256:3e2ea0e77efa09edb98cf90423bf1da21a462ed90bd3120f8f98fe7519a167d5"},
    {file = "pytest_describe-1.0.0-py2-none-any.whl", hash = "sha256:cc3862662faa5a6fb721927aaef46b46cf787e4a8163e5459fc8778e650fabad"},
    {file = "pytest_describe-1.0.0-py3-none-any.whl", hash = "sha256:95fe78639d4d16c4a1e7d62c70f63030b217c08d2ee6dca49559fe6e730c6696"},
]
